
Microsoft Visual Studio Solution File, Format Version 12.00
# Visual Studio Version 16
VisualStudioVersion = 16.0.30717.126
MinimumVisualStudioVersion = 10.0.40219.1
Project("{9A19103F-16F7-4668-BE54-9A1E7A4F7556}") = "MovieShop.Web", "MovieShop\MovieShop.Web.csproj", "{C655F545-725A-4513-B6AC-8737673277C9}"
EndProject
Project("{9A19103F-16F7-4668-BE54-9A1E7A4F7556}") = "MovieShop.Core", "MovieShop.Core\MovieShop.Core.csproj", "{7513703E-FB02-49CF-907C-67291FE28DC2}"
EndProject
Project("{9A19103F-16F7-4668-BE54-9A1E7A4F7556}") = "MovieShop.Infrastructure", "MovieShop.Infrastructure\MovieShop.Infrastructure.csproj", "{1C2C7E42-F32C-4546-B57A-AF57BD54DA5B}"
EndProject
Project("{FAE04EC0-301F-11D3-BF4B-00C04F79EFBC}") = "MovieShop.UnitTests", "MovieShop.UnitTests\MovieShop.UnitTests.csproj", "{BB0834EF-D25C-4D36-8A21-A7B71BAE4687}"
EndProject
Global
	GlobalSection(SolutionConfigurationPlatforms) = preSolution
		Debug|Any CPU = Debug|Any CPU
		Release|Any CPU = Release|Any CPU
	EndGlobalSection
	GlobalSection(ProjectConfigurationPlatforms) = postSolution
		{C655F545-725A-4513-B6AC-8737673277C9}.Debug|Any CPU.ActiveCfg = Debug|Any CPU
		{C655F545-725A-4513-B6AC-8737673277C9}.Debug|Any CPU.Build.0 = Debug|Any CPU
		{C655F545-725A-4513-B6AC-8737673277C9}.Release|Any CPU.ActiveCfg = Release|Any CPU
		{C655F545-725A-4513-B6AC-8737673277C9}.Release|Any CPU.Build.0 = Release|Any CPU
		{7513703E-FB02-49CF-907C-67291FE28DC2}.Debug|Any CPU.ActiveCfg = Debug|Any CPU
		{7513703E-FB02-49CF-907C-67291FE28DC2}.Debug|Any CPU.Build.0 = Debug|Any CPU
		{7513703E-FB02-49CF-907C-67291FE28DC2}.Release|Any CPU.ActiveCfg = Release|Any CPU
		{7513703E-FB02-49CF-907C-67291FE28DC2}.Release|Any CPU.Build.0 = Release|Any CPU
		{1C2C7E42-F32C-4546-B57A-AF57BD54DA5B}.Debug|Any CPU.ActiveCfg = Debug|Any CPU
		{1C2C7E42-F32C-4546-B57A-AF57BD54DA5B}.Debug|Any CPU.Build.0 = Debug|Any CPU
		{1C2C7E42-F32C-4546-B57A-AF57BD54DA5B}.Release|Any CPU.ActiveCfg = Release|Any CPU
		{1C2C7E42-F32C-4546-B57A-AF57BD54DA5B}.Release|Any CPU.Build.0 = Release|Any CPU
		{BB0834EF-D25C-4D36-8A21-A7B71BAE4687}.Debug|Any CPU.ActiveCfg = Debug|Any CPU
		{BB0834EF-D25C-4D36-8A21-A7B71BAE4687}.Debug|Any CPU.Build.0 = Debug|Any CPU
		{BB0834EF-D25C-4D36-8A21-A7B71BAE4687}.Release|Any CPU.ActiveCfg = Release|Any CPU
		{BB0834EF-D25C-4D36-8A21-A7B71BAE4687}.Release|Any CPU.Build.0 = Release|Any CPU
	EndGlobalSection
	GlobalSection(SolutionProperties) = preSolution
		HideSolutionNode = FALSE
	EndGlobalSection
	GlobalSection(ExtensibilityGlobals) = postSolution
		SolutionGuid = {03D6F39E-EF0B-43A0-97FF-2319D20E3FC4}
	EndGlobalSection
EndGlobal
